// !$*UTF8*$!
{
	archiveVersion = 1;
	classes = {
	};
	objectVersion = 48;
	objects = {

/* Begin PBXBuildFile section */
		07706A6820828B5900C0A054 /* TipsSecondTableViewController.m in Sources */ = {isa = PBXBuildFile; fileRef = 07706A6720828B5900C0A054 /* TipsSecondTableViewController.m */; };
		07706A722082E8CC00C0A054 /* Mapbox.framework in Frameworks */ = {isa = PBXBuildFile; fileRef = 07706A712082E8CB00C0A054 /* Mapbox.framework */; settings = {ATTRIBUTES = (Required, ); }; };
		07706A732082E8CC00C0A054 /* Mapbox.framework in Embed Frameworks */ = {isa = PBXBuildFile; fileRef = 07706A712082E8CB00C0A054 /* Mapbox.framework */; settings = {ATTRIBUTES = (CodeSignOnCopy, RemoveHeadersOnCopy, ); }; };
		07706A792082F01000C0A054 /* MapViewController.m in Sources */ = {isa = PBXBuildFile; fileRef = 07706A782082F01000C0A054 /* MapViewController.m */; };
		0780948E2076F5EC00ADFBF3 /* AppDelegate.m in Sources */ = {isa = PBXBuildFile; fileRef = 0780948D2076F5EC00ADFBF3 /* AppDelegate.m */; };
		078094942076F5EC00ADFBF3 /* Main.storyboard in Resources */ = {isa = PBXBuildFile; fileRef = 078094922076F5EC00ADFBF3 /* Main.storyboard */; };
		078094962076F5ED00ADFBF3 /* Assets.xcassets in Resources */ = {isa = PBXBuildFile; fileRef = 078094952076F5ED00ADFBF3 /* Assets.xcassets */; };
		078094992076F5ED00ADFBF3 /* LaunchScreen.storyboard in Resources */ = {isa = PBXBuildFile; fileRef = 078094972076F5ED00ADFBF3 /* LaunchScreen.storyboard */; };
		0780949C2076F5ED00ADFBF3 /* main.m in Sources */ = {isa = PBXBuildFile; fileRef = 0780949B2076F5ED00ADFBF3 /* main.m */; };
		078094A62076F5ED00ADFBF3 /* WayMapTests.m in Sources */ = {isa = PBXBuildFile; fileRef = 078094A52076F5ED00ADFBF3 /* WayMapTests.m */; };
		078094B12076F5ED00ADFBF3 /* WayMapUITests.m in Sources */ = {isa = PBXBuildFile; fileRef = 078094B02076F5ED00ADFBF3 /* WayMapUITests.m */; };
		078094C62082771700ADFBF3 /* TipsFirstTableViewController.m in Sources */ = {isa = PBXBuildFile; fileRef = 078094C52082771700ADFBF3 /* TipsFirstTableViewController.m */; };
		07EB30782087D1DF00762806 /* PlacesInformationViewController.m in Sources */ = {isa = PBXBuildFile; fileRef = 07EB30772087D1DF00762806 /* PlacesInformationViewController.m */; };
		07EB307B2087E38F00762806 /* GooglePlace.m in Sources */ = {isa = PBXBuildFile; fileRef = 07EB307A2087E38F00762806 /* GooglePlace.m */; };
		2BB1C1DF22B1F35AA12499DF /* libPods-WayMapTests.a in Frameworks */ = {isa = PBXBuildFile; fileRef = 69F22FBD2309671A393AB9A7 /* libPods-WayMapTests.a */; };
		34604AED24512110E9DB0ED9 /* libPods-WayMap.a in Frameworks */ = {isa = PBXBuildFile; fileRef = AA8CBC8032AD1D5EC4F3A1A0 /* libPods-WayMap.a */; };
		7C933562208C637D0032EE2F /* UserProfileViewController.m in Sources */ = {isa = PBXBuildFile; fileRef = 7C933561208C637D0032EE2F /* UserProfileViewController.m */; };
		7C933566208D35AD0032EE2F /* LogInViewController.m in Sources */ = {isa = PBXBuildFile; fileRef = 7C933564208D35AB0032EE2F /* LogInViewController.m */; };
		7C933569208D65E10032EE2F /* GoogleService-Info.plist in Resources */ = {isa = PBXBuildFile; fileRef = 7C933568208D65E10032EE2F /* GoogleService-Info.plist */; };
		8AD4AAA63BCC37CAF50954CB /* libPods-WayMapUITests.a in Frameworks */ = {isa = PBXBuildFile; fileRef = 09F272E2B9B719845F587B5D /* libPods-WayMapUITests.a */; };
/* End PBXBuildFile section */

/* Begin PBXContainerItemProxy section */
		078094A22076F5ED00ADFBF3 /* PBXContainerItemProxy */ = {
			isa = PBXContainerItemProxy;
			containerPortal = 078094812076F5EC00ADFBF3 /* Project object */;
			proxyType = 1;
			remoteGlobalIDString = 078094882076F5EC00ADFBF3;
			remoteInfo = WayMap;
		};
		078094AD2076F5ED00ADFBF3 /* PBXContainerItemProxy */ = {
			isa = PBXContainerItemProxy;
			containerPortal = 078094812076F5EC00ADFBF3 /* Project object */;
			proxyType = 1;
			remoteGlobalIDString = 078094882076F5EC00ADFBF3;
			remoteInfo = WayMap;
		};
/* End PBXContainerItemProxy section */

/* Begin PBXCopyFilesBuildPhase section */
		07706A742082E8CC00C0A054 /* Embed Frameworks */ = {
			isa = PBXCopyFilesBuildPhase;
			buildActionMask = 2147483647;
			dstPath = "";
			dstSubfolderSpec = 10;
			files = (
				07706A732082E8CC00C0A054 /* Mapbox.framework in Embed Frameworks */,
			);
			name = "Embed Frameworks";
			runOnlyForDeploymentPostprocessing = 0;
		};
/* End PBXCopyFilesBuildPhase section */

/* Begin PBXFileReference section */
		07706A6620828B5900C0A054 /* TipsSecondTableViewController.h */ = {isa = PBXFileReference; lastKnownFileType = sourcecode.c.h; path = TipsSecondTableViewController.h; sourceTree = "<group>"; };
		07706A6720828B5900C0A054 /* TipsSecondTableViewController.m */ = {isa = PBXFileReference; lastKnownFileType = sourcecode.c.objc; path = TipsSecondTableViewController.m; sourceTree = "<group>"; };
		07706A712082E8CB00C0A054 /* Mapbox.framework */ = {isa = PBXFileReference; lastKnownFileType = wrapper.framework; path = Mapbox.framework; sourceTree = "<group>"; };
		07706A762082ECF600C0A054 /* Mapbox.framework.dSYM */ = {isa = PBXFileReference; lastKnownFileType = wrapper.dsym; path = Mapbox.framework.dSYM; sourceTree = "<group>"; };
		07706A772082F01000C0A054 /* MapViewController.h */ = {isa = PBXFileReference; lastKnownFileType = sourcecode.c.h; path = MapViewController.h; sourceTree = "<group>"; };
		07706A782082F01000C0A054 /* MapViewController.m */ = {isa = PBXFileReference; lastKnownFileType = sourcecode.c.objc; path = MapViewController.m; sourceTree = "<group>"; };
		078094892076F5EC00ADFBF3 /* WayMap.app */ = {isa = PBXFileReference; explicitFileType = wrapper.application; includeInIndex = 0; path = WayMap.app; sourceTree = BUILT_PRODUCTS_DIR; };
		0780948C2076F5EC00ADFBF3 /* AppDelegate.h */ = {isa = PBXFileReference; lastKnownFileType = sourcecode.c.h; path = AppDelegate.h; sourceTree = "<group>"; };
		0780948D2076F5EC00ADFBF3 /* AppDelegate.m */ = {isa = PBXFileReference; lastKnownFileType = sourcecode.c.objc; path = AppDelegate.m; sourceTree = "<group>"; };
		078094932076F5EC00ADFBF3 /* Base */ = {isa = PBXFileReference; lastKnownFileType = file.storyboard; name = Base; path = Base.lproj/Main.storyboard; sourceTree = "<group>"; };
		078094952076F5ED00ADFBF3 /* Assets.xcassets */ = {isa = PBXFileReference; lastKnownFileType = folder.assetcatalog; path = Assets.xcassets; sourceTree = "<group>"; };
		078094982076F5ED00ADFBF3 /* Base */ = {isa = PBXFileReference; lastKnownFileType = file.storyboard; name = Base; path = Base.lproj/LaunchScreen.storyboard; sourceTree = "<group>"; };
		0780949A2076F5ED00ADFBF3 /* Info.plist */ = {isa = PBXFileReference; lastKnownFileType = text.plist.xml; path = Info.plist; sourceTree = "<group>"; };
		0780949B2076F5ED00ADFBF3 /* main.m */ = {isa = PBXFileReference; lastKnownFileType = sourcecode.c.objc; path = main.m; sourceTree = "<group>"; };
		078094A12076F5ED00ADFBF3 /* WayMapTests.xctest */ = {isa = PBXFileReference; explicitFileType = wrapper.cfbundle; includeInIndex = 0; path = WayMapTests.xctest; sourceTree = BUILT_PRODUCTS_DIR; };
		078094A52076F5ED00ADFBF3 /* WayMapTests.m */ = {isa = PBXFileReference; lastKnownFileType = sourcecode.c.objc; path = WayMapTests.m; sourceTree = "<group>"; };
		078094A72076F5ED00ADFBF3 /* Info.plist */ = {isa = PBXFileReference; lastKnownFileType = text.plist.xml; path = Info.plist; sourceTree = "<group>"; };
		078094AC2076F5ED00ADFBF3 /* WayMapUITests.xctest */ = {isa = PBXFileReference; explicitFileType = wrapper.cfbundle; includeInIndex = 0; path = WayMapUITests.xctest; sourceTree = BUILT_PRODUCTS_DIR; };
		078094B02076F5ED00ADFBF3 /* WayMapUITests.m */ = {isa = PBXFileReference; lastKnownFileType = sourcecode.c.objc; path = WayMapUITests.m; sourceTree = "<group>"; };
		078094B22076F5ED00ADFBF3 /* Info.plist */ = {isa = PBXFileReference; lastKnownFileType = text.plist.xml; path = Info.plist; sourceTree = "<group>"; };
		078094C42082771700ADFBF3 /* TipsFirstTableViewController.h */ = {isa = PBXFileReference; lastKnownFileType = sourcecode.c.h; path = TipsFirstTableViewController.h; sourceTree = "<group>"; };
		078094C52082771700ADFBF3 /* TipsFirstTableViewController.m */ = {isa = PBXFileReference; lastKnownFileType = sourcecode.c.objc; path = TipsFirstTableViewController.m; sourceTree = "<group>"; };
		07EB30762087D1DF00762806 /* PlacesInformationViewController.h */ = {isa = PBXFileReference; lastKnownFileType = sourcecode.c.h; path = PlacesInformationViewController.h; sourceTree = "<group>"; };
		07EB30772087D1DF00762806 /* PlacesInformationViewController.m */ = {isa = PBXFileReference; lastKnownFileType = sourcecode.c.objc; path = PlacesInformationViewController.m; sourceTree = "<group>"; };
		07EB30792087E38F00762806 /* GooglePlace.h */ = {isa = PBXFileReference; lastKnownFileType = sourcecode.c.h; path = GooglePlace.h; sourceTree = "<group>"; };
		07EB307A2087E38F00762806 /* GooglePlace.m */ = {isa = PBXFileReference; lastKnownFileType = sourcecode.c.objc; path = GooglePlace.m; sourceTree = "<group>"; };
		09F272E2B9B719845F587B5D /* libPods-WayMapUITests.a */ = {isa = PBXFileReference; explicitFileType = archive.ar; includeInIndex = 0; path = "libPods-WayMapUITests.a"; sourceTree = BUILT_PRODUCTS_DIR; };
		27B4FA9384FBC3BDB84E81E1 /* Pods-WayMapUITests.debug.xcconfig */ = {isa = PBXFileReference; includeInIndex = 1; lastKnownFileType = text.xcconfig; name = "Pods-WayMapUITests.debug.xcconfig"; path = "Pods/Target Support Files/Pods-WayMapUITests/Pods-WayMapUITests.debug.xcconfig"; sourceTree = "<group>"; };
		38718CBB2C9940B76DDB47F5 /* Pods-WayMapTests.release.xcconfig */ = {isa = PBXFileReference; includeInIndex = 1; lastKnownFileType = text.xcconfig; name = "Pods-WayMapTests.release.xcconfig"; path = "Pods/Target Support Files/Pods-WayMapTests/Pods-WayMapTests.release.xcconfig"; sourceTree = "<group>"; };
		65FA49259CFB0366A06FFE86 /* Pods-WayMap.debug.xcconfig */ = {isa = PBXFileReference; includeInIndex = 1; lastKnownFileType = text.xcconfig; name = "Pods-WayMap.debug.xcconfig"; path = "Pods/Target Support Files/Pods-WayMap/Pods-WayMap.debug.xcconfig"; sourceTree = "<group>"; };
		69F22FBD2309671A393AB9A7 /* libPods-WayMapTests.a */ = {isa = PBXFileReference; explicitFileType = archive.ar; includeInIndex = 0; path = "libPods-WayMapTests.a"; sourceTree = BUILT_PRODUCTS_DIR; };
		7C933560208C637D0032EE2F /* UserProfileViewController.h */ = {isa = PBXFileReference; lastKnownFileType = sourcecode.c.h; path = UserProfileViewController.h; sourceTree = "<group>"; };
		7C933561208C637D0032EE2F /* UserProfileViewController.m */ = {isa = PBXFileReference; lastKnownFileType = sourcecode.c.objc; path = UserProfileViewController.m; sourceTree = "<group>"; };
		7C933563208D35AB0032EE2F /* LogInViewController.h */ = {isa = PBXFileReference; lastKnownFileType = sourcecode.c.h; path = LogInViewController.h; sourceTree = "<group>"; };
		7C933564208D35AB0032EE2F /* LogInViewController.m */ = {isa = PBXFileReference; lastKnownFileType = sourcecode.c.objc; path = LogInViewController.m; sourceTree = "<group>"; };
		7C933568208D65E10032EE2F /* GoogleService-Info.plist */ = {isa = PBXFileReference; fileEncoding = 4; lastKnownFileType = text.plist.xml; name = "GoogleService-Info.plist"; path = "../../../../../Downloads/GoogleService-Info.plist"; sourceTree = "<group>"; };
		AA8CBC8032AD1D5EC4F3A1A0 /* libPods-WayMap.a */ = {isa = PBXFileReference; explicitFileType = archive.ar; includeInIndex = 0; path = "libPods-WayMap.a"; sourceTree = BUILT_PRODUCTS_DIR; };
		AB4D2FDE71C24BB6F725BE22 /* Pods-WayMapTests.debug.xcconfig */ = {isa = PBXFileReference; includeInIndex = 1; lastKnownFileType = text.xcconfig; name = "Pods-WayMapTests.debug.xcconfig"; path = "Pods/Target Support Files/Pods-WayMapTests/Pods-WayMapTests.debug.xcconfig"; sourceTree = "<group>"; };
		F47D8E3617BF77436E75C0BD /* Pods-WayMapUITests.release.xcconfig */ = {isa = PBXFileReference; includeInIndex = 1; lastKnownFileType = text.xcconfig; name = "Pods-WayMapUITests.release.xcconfig"; path = "Pods/Target Support Files/Pods-WayMapUITests/Pods-WayMapUITests.release.xcconfig"; sourceTree = "<group>"; };
		F54202CECEF46A6750A33D57 /* Pods-WayMap.release.xcconfig */ = {isa = PBXFileReference; includeInIndex = 1; lastKnownFileType = text.xcconfig; name = "Pods-WayMap.release.xcconfig"; path = "Pods/Target Support Files/Pods-WayMap/Pods-WayMap.release.xcconfig"; sourceTree = "<group>"; };
/* End PBXFileReference section */

/* Begin PBXFrameworksBuildPhase section */
		078094862076F5EC00ADFBF3 /* Frameworks */ = {
			isa = PBXFrameworksBuildPhase;
			buildActionMask = 2147483647;
			files = (
				07706A722082E8CC00C0A054 /* Mapbox.framework in Frameworks */,
				34604AED24512110E9DB0ED9 /* libPods-WayMap.a in Frameworks */,
			);
			runOnlyForDeploymentPostprocessing = 0;
		};
		0780949E2076F5ED00ADFBF3 /* Frameworks */ = {
			isa = PBXFrameworksBuildPhase;
			buildActionMask = 2147483647;
			files = (
				2BB1C1DF22B1F35AA12499DF /* libPods-WayMapTests.a in Frameworks */,
			);
			runOnlyForDeploymentPostprocessing = 0;
		};
		078094A92076F5ED00ADFBF3 /* Frameworks */ = {
			isa = PBXFrameworksBuildPhase;
			buildActionMask = 2147483647;
			files = (
				8AD4AAA63BCC37CAF50954CB /* libPods-WayMapUITests.a in Frameworks */,
			);
			runOnlyForDeploymentPostprocessing = 0;
		};
/* End PBXFrameworksBuildPhase section */

/* Begin PBXGroup section */
		078094802076F5EC00ADFBF3 = {
			isa = PBXGroup;
			children = (
				07706A762082ECF600C0A054 /* Mapbox.framework.dSYM */,
				07706A712082E8CB00C0A054 /* Mapbox.framework */,
				0780948B2076F5EC00ADFBF3 /* WayMap */,
				078094A42076F5ED00ADFBF3 /* WayMapTests */,
				078094AF2076F5ED00ADFBF3 /* WayMapUITests */,
				0780948A2076F5EC00ADFBF3 /* Products */,
				A42B4A3E2CE028FE84F44A37 /* Pods */,
				CB7E03966FD7EDB232469CCE /* Frameworks */,
			);
			sourceTree = "<group>";
		};
		0780948A2076F5EC00ADFBF3 /* Products */ = {
			isa = PBXGroup;
			children = (
				078094892076F5EC00ADFBF3 /* WayMap.app */,
				078094A12076F5ED00ADFBF3 /* WayMapTests.xctest */,
				078094AC2076F5ED00ADFBF3 /* WayMapUITests.xctest */,
			);
			name = Products;
			sourceTree = "<group>";
		};
		0780948B2076F5EC00ADFBF3 /* WayMap */ = {
			isa = PBXGroup;
			children = (
				0780948C2076F5EC00ADFBF3 /* AppDelegate.h */,
				0780948D2076F5EC00ADFBF3 /* AppDelegate.m */,
				07EB30762087D1DF00762806 /* PlacesInformationViewController.h */,
				07EB30772087D1DF00762806 /* PlacesInformationViewController.m */,
				078094922076F5EC00ADFBF3 /* Main.storyboard */,
				7C933563208D35AB0032EE2F /* LogInViewController.h */,
				7C933564208D35AB0032EE2F /* LogInViewController.m */,
				7C933560208C637D0032EE2F /* UserProfileViewController.h */,
				7C933561208C637D0032EE2F /* UserProfileViewController.m */,
				07706A6620828B5900C0A054 /* TipsSecondTableViewController.h */,
				07706A6720828B5900C0A054 /* TipsSecondTableViewController.m */,
				07706A772082F01000C0A054 /* MapViewController.h */,
				07706A782082F01000C0A054 /* MapViewController.m */,
				078094C42082771700ADFBF3 /* TipsFirstTableViewController.h */,
				078094C52082771700ADFBF3 /* TipsFirstTableViewController.m */,
				07EB30792087E38F00762806 /* GooglePlace.h */,
				07EB307A2087E38F00762806 /* GooglePlace.m */,
				078094952076F5ED00ADFBF3 /* Assets.xcassets */,
				078094972076F5ED00ADFBF3 /* LaunchScreen.storyboard */,
				0780949A2076F5ED00ADFBF3 /* Info.plist */,
				7C933568208D65E10032EE2F /* GoogleService-Info.plist */,
				0780949B2076F5ED00ADFBF3 /* main.m */,
			);
			path = WayMap;
			sourceTree = "<group>";
		};
		078094A42076F5ED00ADFBF3 /* WayMapTests */ = {
			isa = PBXGroup;
			children = (
				078094A52076F5ED00ADFBF3 /* WayMapTests.m */,
				078094A72076F5ED00ADFBF3 /* Info.plist */,
			);
			path = WayMapTests;
			sourceTree = "<group>";
		};
		078094AF2076F5ED00ADFBF3 /* WayMapUITests */ = {
			isa = PBXGroup;
			children = (
				078094B02076F5ED00ADFBF3 /* WayMapUITests.m */,
				078094B22076F5ED00ADFBF3 /* Info.plist */,
			);
			path = WayMapUITests;
			sourceTree = "<group>";
		};
		A42B4A3E2CE028FE84F44A37 /* Pods */ = {
			isa = PBXGroup;
			children = (
				65FA49259CFB0366A06FFE86 /* Pods-WayMap.debug.xcconfig */,
				F54202CECEF46A6750A33D57 /* Pods-WayMap.release.xcconfig */,
				AB4D2FDE71C24BB6F725BE22 /* Pods-WayMapTests.debug.xcconfig */,
				38718CBB2C9940B76DDB47F5 /* Pods-WayMapTests.release.xcconfig */,
				27B4FA9384FBC3BDB84E81E1 /* Pods-WayMapUITests.debug.xcconfig */,
				F47D8E3617BF77436E75C0BD /* Pods-WayMapUITests.release.xcconfig */,
			);
			name = Pods;
			sourceTree = "<group>";
		};
		CB7E03966FD7EDB232469CCE /* Frameworks */ = {
			isa = PBXGroup;
			children = (
				AA8CBC8032AD1D5EC4F3A1A0 /* libPods-WayMap.a */,
				69F22FBD2309671A393AB9A7 /* libPods-WayMapTests.a */,
				09F272E2B9B719845F587B5D /* libPods-WayMapUITests.a */,
			);
			name = Frameworks;
			sourceTree = "<group>";
		};
/* End PBXGroup section */

/* Begin PBXNativeTarget section */
		078094882076F5EC00ADFBF3 /* WayMap */ = {
			isa = PBXNativeTarget;
			buildConfigurationList = 078094B52076F5ED00ADFBF3 /* Build configuration list for PBXNativeTarget "WayMap" */;
			buildPhases = (
				998EBD5CD1F690D8E64C1289 /* [CP] Check Pods Manifest.lock */,
				078094852076F5EC00ADFBF3 /* Sources */,
				078094862076F5EC00ADFBF3 /* Frameworks */,
				078094872076F5EC00ADFBF3 /* Resources */,
				07706A742082E8CC00C0A054 /* Embed Frameworks */,
				07706A752082E94500C0A054 /* Run Script */,
				2695AC043B7F666013F673C0 /* [CP] Copy Pods Resources */,
			);
			buildRules = (
			);
			dependencies = (
			);
			name = WayMap;
			productName = WayMap;
			productReference = 078094892076F5EC00ADFBF3 /* WayMap.app */;
			productType = "com.apple.product-type.application";
		};
		078094A02076F5ED00ADFBF3 /* WayMapTests */ = {
			isa = PBXNativeTarget;
			buildConfigurationList = 078094B82076F5ED00ADFBF3 /* Build configuration list for PBXNativeTarget "WayMapTests" */;
			buildPhases = (
				454FDFFBEFFBAB779BE7AA0A /* [CP] Check Pods Manifest.lock */,
				0780949D2076F5ED00ADFBF3 /* Sources */,
				0780949E2076F5ED00ADFBF3 /* Frameworks */,
				0780949F2076F5ED00ADFBF3 /* Resources */,
			);
			buildRules = (
			);
			dependencies = (
				078094A32076F5ED00ADFBF3 /* PBXTargetDependency */,
			);
			name = WayMapTests;
			productName = WayMapTests;
			productReference = 078094A12076F5ED00ADFBF3 /* WayMapTests.xctest */;
			productType = "com.apple.product-type.bundle.unit-test";
		};
		078094AB2076F5ED00ADFBF3 /* WayMapUITests */ = {
			isa = PBXNativeTarget;
			buildConfigurationList = 078094BB2076F5ED00ADFBF3 /* Build configuration list for PBXNativeTarget "WayMapUITests" */;
			buildPhases = (
				9718F348F25354299B31367E /* [CP] Check Pods Manifest.lock */,
				078094A82076F5ED00ADFBF3 /* Sources */,
				078094A92076F5ED00ADFBF3 /* Frameworks */,
				078094AA2076F5ED00ADFBF3 /* Resources */,
			);
			buildRules = (
			);
			dependencies = (
				078094AE2076F5ED00ADFBF3 /* PBXTargetDependency */,
			);
			name = WayMapUITests;
			productName = WayMapUITests;
			productReference = 078094AC2076F5ED00ADFBF3 /* WayMapUITests.xctest */;
			productType = "com.apple.product-type.bundle.ui-testing";
		};
/* End PBXNativeTarget section */

/* Begin PBXProject section */
		078094812076F5EC00ADFBF3 /* Project object */ = {
			isa = PBXProject;
			attributes = {
				LastUpgradeCheck = 0920;
				ORGANIZATIONNAME = nyu.edu;
				TargetAttributes = {
					078094882076F5EC00ADFBF3 = {
						CreatedOnToolsVersion = 9.2;
						ProvisioningStyle = Manual;
					};
					078094A02076F5ED00ADFBF3 = {
						CreatedOnToolsVersion = 9.2;
						ProvisioningStyle = Automatic;
						TestTargetID = 078094882076F5EC00ADFBF3;
					};
					078094AB2076F5ED00ADFBF3 = {
						CreatedOnToolsVersion = 9.2;
						ProvisioningStyle = Automatic;
						TestTargetID = 078094882076F5EC00ADFBF3;
					};
				};
			};
			buildConfigurationList = 078094842076F5EC00ADFBF3 /* Build configuration list for PBXProject "WayMap" */;
			compatibilityVersion = "Xcode 8.0";
			developmentRegion = en;
			hasScannedForEncodings = 0;
			knownRegions = (
				en,
				Base,
			);
			mainGroup = 078094802076F5EC00ADFBF3;
			productRefGroup = 0780948A2076F5EC00ADFBF3 /* Products */;
			projectDirPath = "";
			projectRoot = "";
			targets = (
				078094882076F5EC00ADFBF3 /* WayMap */,
				078094A02076F5ED00ADFBF3 /* WayMapTests */,
				078094AB2076F5ED00ADFBF3 /* WayMapUITests */,
			);
		};
/* End PBXProject section */

/* Begin PBXResourcesBuildPhase section */
		078094872076F5EC00ADFBF3 /* Resources */ = {
			isa = PBXResourcesBuildPhase;
			buildActionMask = 2147483647;
			files = (
				078094992076F5ED00ADFBF3 /* LaunchScreen.storyboard in Resources */,
				7C933569208D65E10032EE2F /* GoogleService-Info.plist in Resources */,
				078094962076F5ED00ADFBF3 /* Assets.xcassets in Resources */,
				078094942076F5EC00ADFBF3 /* Main.storyboard in Resources */,
			);
			runOnlyForDeploymentPostprocessing = 0;
		};
		0780949F2076F5ED00ADFBF3 /* Resources */ = {
			isa = PBXResourcesBuildPhase;
			buildActionMask = 2147483647;
			files = (
			);
			runOnlyForDeploymentPostprocessing = 0;
		};
		078094AA2076F5ED00ADFBF3 /* Resources */ = {
			isa = PBXResourcesBuildPhase;
			buildActionMask = 2147483647;
			files = (
			);
			runOnlyForDeploymentPostprocessing = 0;
		};
/* End PBXResourcesBuildPhase section */

/* Begin PBXShellScriptBuildPhase section */
		07706A752082E94500C0A054 /* Run Script */ = {
			isa = PBXShellScriptBuildPhase;
			buildActionMask = 12;
			files = (
			);
			inputPaths = (
			);
			name = "Run Script";
			outputPaths = (
			);
			runOnlyForDeploymentPostprocessing = 0;
			shellPath = /bin/sh;
			shellScript = "bash \"${BUILT_PRODUCTS_DIR}/${FRAMEWORKS_FOLDER_PATH}/Mapbox.framework/strip-frameworks.sh\"";
		};
		2695AC043B7F666013F673C0 /* [CP] Copy Pods Resources */ = {
			isa = PBXShellScriptBuildPhase;
			buildActionMask = 2147483647;
			files = (
			);
			inputPaths = (
				"${SRCROOT}/Pods/Target Support Files/Pods-WayMap/Pods-WayMap-resources.sh",
				"${PODS_ROOT}/GoogleMaps/Maps/Frameworks/GoogleMaps.framework/Resources/GoogleMaps.bundle",
				"${PODS_ROOT}/GooglePlacePicker/Frameworks/GooglePlacePicker.framework/Resources/GooglePlacePicker.bundle",
				"${PODS_ROOT}/GooglePlaces/Frameworks/GooglePlaces.framework/Resources/GooglePlaces.bundle",
			);
			name = "[CP] Copy Pods Resources";
			outputPaths = (
				"${TARGET_BUILD_DIR}/${UNLOCALIZED_RESOURCES_FOLDER_PATH}/GoogleMaps.bundle",
				"${TARGET_BUILD_DIR}/${UNLOCALIZED_RESOURCES_FOLDER_PATH}/GooglePlacePicker.bundle",
				"${TARGET_BUILD_DIR}/${UNLOCALIZED_RESOURCES_FOLDER_PATH}/GooglePlaces.bundle",
			);
			runOnlyForDeploymentPostprocessing = 0;
			shellPath = /bin/sh;
			shellScript = "\"${SRCROOT}/Pods/Target Support Files/Pods-WayMap/Pods-WayMap-resources.sh\"\n";
			showEnvVarsInLog = 0;
		};
		454FDFFBEFFBAB779BE7AA0A /* [CP] Check Pods Manifest.lock */ = {
			isa = PBXShellScriptBuildPhase;
			buildActionMask = 2147483647;
			files = (
			);
			inputPaths = (
				"${PODS_PODFILE_DIR_PATH}/Podfile.lock",
				"${PODS_ROOT}/Manifest.lock",
			);
			name = "[CP] Check Pods Manifest.lock";
			outputPaths = (
				"$(DERIVED_FILE_DIR)/Pods-WayMapTests-checkManifestLockResult.txt",
			);
			runOnlyForDeploymentPostprocessing = 0;
			shellPath = /bin/sh;
			shellScript = "diff \"${PODS_PODFILE_DIR_PATH}/Podfile.lock\" \"${PODS_ROOT}/Manifest.lock\" > /dev/null\nif [ $? != 0 ] ; then\n    # print error to STDERR\n    echo \"error: The sandbox is not in sync with the Podfile.lock. Run 'pod install' or update your CocoaPods installation.\" >&2\n    exit 1\nfi\n# This output is used by Xcode 'outputs' to avoid re-running this script phase.\necho \"SUCCESS\" > \"${SCRIPT_OUTPUT_FILE_0}\"\n";
			showEnvVarsInLog = 0;
		};
		9718F348F25354299B31367E /* [CP] Check Pods Manifest.lock */ = {
			isa = PBXShellScriptBuildPhase;
			buildActionMask = 2147483647;
			files = (
			);
			inputPaths = (
				"${PODS_PODFILE_DIR_PATH}/Podfile.lock",
				"${PODS_ROOT}/Manifest.lock",
			);
			name = "[CP] Check Pods Manifest.lock";
			outputPaths = (
				"$(DERIVED_FILE_DIR)/Pods-WayMapUITests-checkManifestLockResult.txt",
			);
			runOnlyForDeploymentPostprocessing = 0;
			shellPath = /bin/sh;
			shellScript = "diff \"${PODS_PODFILE_DIR_PATH}/Podfile.lock\" \"${PODS_ROOT}/Manifest.lock\" > /dev/null\nif [ $? != 0 ] ; then\n    # print error to STDERR\n    echo \"error: The sandbox is not in sync with the Podfile.lock. Run 'pod install' or update your CocoaPods installation.\" >&2\n    exit 1\nfi\n# This output is used by Xcode 'outputs' to avoid re-running this script phase.\necho \"SUCCESS\" > \"${SCRIPT_OUTPUT_FILE_0}\"\n";
			showEnvVarsInLog = 0;
		};
		998EBD5CD1F690D8E64C1289 /* [CP] Check Pods Manifest.lock */ = {
			isa = PBXShellScriptBuildPhase;
			buildActionMask = 2147483647;
			files = (
			);
			inputPaths = (
				"${PODS_PODFILE_DIR_PATH}/Podfile.lock",
				"${PODS_ROOT}/Manifest.lock",
			);
			name = "[CP] Check Pods Manifest.lock";
			outputPaths = (
				"$(DERIVED_FILE_DIR)/Pods-WayMap-checkManifestLockResult.txt",
			);
			runOnlyForDeploymentPostprocessing = 0;
			shellPath = /bin/sh;
			shellScript = "diff \"${PODS_PODFILE_DIR_PATH}/Podfile.lock\" \"${PODS_ROOT}/Manifest.lock\" > /dev/null\nif [ $? != 0 ] ; then\n    # print error to STDERR\n    echo \"error: The sandbox is not in sync with the Podfile.lock. Run 'pod install' or update your CocoaPods installation.\" >&2\n    exit 1\nfi\n# This output is used by Xcode 'outputs' to avoid re-running this script phase.\necho \"SUCCESS\" > \"${SCRIPT_OUTPUT_FILE_0}\"\n";
			showEnvVarsInLog = 0;
		};
/* End PBXShellScriptBuildPhase section */

/* Begin PBXSourcesBuildPhase section */
		078094852076F5EC00ADFBF3 /* Sources */ = {
			isa = PBXSourcesBuildPhase;
			buildActionMask = 2147483647;
			files = (
				078094C62082771700ADFBF3 /* TipsFirstTableViewController.m in Sources */,
				07706A6820828B5900C0A054 /* TipsSecondTableViewController.m in Sources */,
				07706A792082F01000C0A054 /* MapViewController.m in Sources */,
				07EB307B2087E38F00762806 /* GooglePlace.m in Sources */,
				07EB30782087D1DF00762806 /* PlacesInformationViewController.m in Sources */,
				7C933566208D35AD0032EE2F /* LogInViewController.m in Sources */,
				7C933562208C637D0032EE2F /* UserProfileViewController.m in Sources */,
				0780949C2076F5ED00ADFBF3 /* main.m in Sources */,
				0780948E2076F5EC00ADFBF3 /* AppDelegate.m in Sources */,
			);
			runOnlyForDeploymentPostprocessing = 0;
		};
		0780949D2076F5ED00ADFBF3 /* Sources */ = {
			isa = PBXSourcesBuildPhase;
			buildActionMask = 2147483647;
			files = (
				078094A62076F5ED00ADFBF3 /* WayMapTests.m in Sources */,
			);
			runOnlyForDeploymentPostprocessing = 0;
		};
		078094A82076F5ED00ADFBF3 /* Sources */ = {
			isa = PBXSourcesBuildPhase;
			buildActionMask = 2147483647;
			files = (
				078094B12076F5ED00ADFBF3 /* WayMapUITests.m in Sources */,
			);
			runOnlyForDeploymentPostprocessing = 0;
		};
/* End PBXSourcesBuildPhase section */

/* Begin PBXTargetDependency section */
		078094A32076F5ED00ADFBF3 /* PBXTargetDependency */ = {
			isa = PBXTargetDependency;
			target = 078094882076F5EC00ADFBF3 /* WayMap */;
			targetProxy = 078094A22076F5ED00ADFBF3 /* PBXContainerItemProxy */;
		};
		078094AE2076F5ED00ADFBF3 /* PBXTargetDependency */ = {
			isa = PBXTargetDependency;
			target = 078094882076F5EC00ADFBF3 /* WayMap */;
			targetProxy = 078094AD2076F5ED00ADFBF3 /* PBXContainerItemProxy */;
		};
/* End PBXTargetDependency section */

/* Begin PBXVariantGroup section */
		078094922076F5EC00ADFBF3 /* Main.storyboard */ = {
			isa = PBXVariantGroup;
			children = (
				078094932076F5EC00ADFBF3 /* Base */,
			);
			name = Main.storyboard;
			sourceTree = "<group>";
		};
		078094972076F5ED00ADFBF3 /* LaunchScreen.storyboard */ = {
			isa = PBXVariantGroup;
			children = (
				078094982076F5ED00ADFBF3 /* Base */,
			);
			name = LaunchScreen.storyboard;
			sourceTree = "<group>";
		};
/* End PBXVariantGroup section */

/* Begin XCBuildConfiguration section */
		078094B32076F5ED00ADFBF3 /* Debug */ = {
			isa = XCBuildConfiguration;
			buildSettings = {
				ALWAYS_SEARCH_USER_PATHS = NO;
				CLANG_ANALYZER_NONNULL = YES;
				CLANG_ANALYZER_NUMBER_OBJECT_CONVERSION = YES_AGGRESSIVE;
				CLANG_CXX_LANGUAGE_STANDARD = "gnu++14";
				CLANG_CXX_LIBRARY = "libc++";
				CLANG_ENABLE_MODULES = YES;
				CLANG_ENABLE_OBJC_ARC = YES;
				CLANG_WARN_BLOCK_CAPTURE_AUTORELEASING = YES;
				CLANG_WARN_BOOL_CONVERSION = YES;
				CLANG_WARN_COMMA = YES;
				CLANG_WARN_CONSTANT_CONVERSION = YES;
				CLANG_WARN_DIRECT_OBJC_ISA_USAGE = YES_ERROR;
				CLANG_WARN_DOCUMENTATION_COMMENTS = YES;
				CLANG_WARN_EMPTY_BODY = YES;
				CLANG_WARN_ENUM_CONVERSION = YES;
				CLANG_WARN_INFINITE_RECURSION = YES;
				CLANG_WARN_INT_CONVERSION = YES;
				CLANG_WARN_NON_LITERAL_NULL_CONVERSION = YES;
				CLANG_WARN_OBJC_LITERAL_CONVERSION = YES;
				CLANG_WARN_OBJC_ROOT_CLASS = YES_ERROR;
				CLANG_WARN_RANGE_LOOP_ANALYSIS = YES;
				CLANG_WARN_STRICT_PROTOTYPES = YES;
				CLANG_WARN_SUSPICIOUS_MOVE = YES;
				CLANG_WARN_UNGUARDED_AVAILABILITY = YES_AGGRESSIVE;
				CLANG_WARN_UNREACHABLE_CODE = YES;
				CLANG_WARN__DUPLICATE_METHOD_MATCH = YES;
				CODE_SIGN_IDENTITY = "iPhone Developer";
				COPY_PHASE_STRIP = NO;
				DEBUG_INFORMATION_FORMAT = dwarf;
				ENABLE_STRICT_OBJC_MSGSEND = YES;
				ENABLE_TESTABILITY = YES;
				GCC_C_LANGUAGE_STANDARD = gnu11;
				GCC_DYNAMIC_NO_PIC = NO;
				GCC_NO_COMMON_BLOCKS = YES;
				GCC_OPTIMIZATION_LEVEL = 0;
				GCC_PREPROCESSOR_DEFINITIONS = (
					"DEBUG=1",
					"$(inherited)",
				);
				GCC_WARN_64_TO_32_BIT_CONVERSION = YES;
				GCC_WARN_ABOUT_RETURN_TYPE = YES_ERROR;
				GCC_WARN_UNDECLARED_SELECTOR = YES;
				GCC_WARN_UNINITIALIZED_AUTOS = YES_AGGRESSIVE;
				GCC_WARN_UNUSED_FUNCTION = YES;
				GCC_WARN_UNUSED_VARIABLE = YES;
				IPHONEOS_DEPLOYMENT_TARGET = 11.2;
				MTL_ENABLE_DEBUG_INFO = YES;
				ONLY_ACTIVE_ARCH = YES;
				SDKROOT = iphoneos;
			};
			name = Debug;
		};
		078094B42076F5ED00ADFBF3 /* Release */ = {
			isa = XCBuildConfiguration;
			buildSettings = {
				ALWAYS_SEARCH_USER_PATHS = NO;
				CLANG_ANALYZER_NONNULL = YES;
				CLANG_ANALYZER_NUMBER_OBJECT_CONVERSION = YES_AGGRESSIVE;
				CLANG_CXX_LANGUAGE_STANDARD = "gnu++14";
				CLANG_CXX_LIBRARY = "libc++";
				CLANG_ENABLE_MODULES = YES;
				CLANG_ENABLE_OBJC_ARC = YES;
				CLANG_WARN_BLOCK_CAPTURE_AUTORELEASING = YES;
				CLANG_WARN_BOOL_CONVERSION = YES;
				CLANG_WARN_COMMA = YES;
				CLANG_WARN_CONSTANT_CONVERSION = YES;
				CLANG_WARN_DIRECT_OBJC_ISA_USAGE = YES_ERROR;
				CLANG_WARN_DOCUMENTATION_COMMENTS = YES;
				CLANG_WARN_EMPTY_BODY = YES;
				CLANG_WARN_ENUM_CONVERSION = YES;
				CLANG_WARN_INFINITE_RECURSION = YES;
				CLANG_WARN_INT_CONVERSION = YES;
				CLANG_WARN_NON_LITERAL_NULL_CONVERSION = YES;
				CLANG_WARN_OBJC_LITERAL_CONVERSION = YES;
				CLANG_WARN_OBJC_ROOT_CLASS = YES_ERROR;
				CLANG_WARN_RANGE_LOOP_ANALYSIS = YES;
				CLANG_WARN_STRICT_PROTOTYPES = YES;
				CLANG_WARN_SUSPICIOUS_MOVE = YES;
				CLANG_WARN_UNGUARDED_AVAILABILITY = YES_AGGRESSIVE;
				CLANG_WARN_UNREACHABLE_CODE = YES;
				CLANG_WARN__DUPLICATE_METHOD_MATCH = YES;
				CODE_SIGN_IDENTITY = "iPhone Developer";
				COPY_PHASE_STRIP = NO;
				DEBUG_INFORMATION_FORMAT = "dwarf-with-dsym";
				ENABLE_NS_ASSERTIONS = NO;
				ENABLE_STRICT_OBJC_MSGSEND = YES;
				GCC_C_LANGUAGE_STANDARD = gnu11;
				GCC_NO_COMMON_BLOCKS = YES;
				GCC_WARN_64_TO_32_BIT_CONVERSION = YES;
				GCC_WARN_ABOUT_RETURN_TYPE = YES_ERROR;
				GCC_WARN_UNDECLARED_SELECTOR = YES;
				GCC_WARN_UNINITIALIZED_AUTOS = YES_AGGRESSIVE;
				GCC_WARN_UNUSED_FUNCTION = YES;
				GCC_WARN_UNUSED_VARIABLE = YES;
				IPHONEOS_DEPLOYMENT_TARGET = 11.2;
				MTL_ENABLE_DEBUG_INFO = NO;
				SDKROOT = iphoneos;
				VALIDATE_PRODUCT = YES;
			};
			name = Release;
		};
		078094B62076F5ED00ADFBF3 /* Debug */ = {
			isa = XCBuildConfiguration;
			baseConfigurationReference = 65FA49259CFB0366A06FFE86 /* Pods-WayMap.debug.xcconfig */;
			buildSettings = {
				ASSETCATALOG_COMPILER_APPICON_NAME = AppIcon;
				CODE_SIGN_STYLE = Manual;
				DEVELOPMENT_TEAM = "";
				FRAMEWORK_SEARCH_PATHS = (
					"$(inherited)",
					"$(PROJECT_DIR)",
				);
				INFOPLIST_FILE = WayMap/Info.plist;
				LD_RUNPATH_SEARCH_PATHS = "$(inherited) @executable_path/Frameworks";
				PRODUCT_BUNDLE_IDENTIFIER = nyu.WayMap;
				PRODUCT_NAME = "$(TARGET_NAME)";
				PROVISIONING_PROFILE_SPECIFIER = "";
				TARGETED_DEVICE_FAMILY = "1,2";
			};
			name = Debug;
		};
		078094B72076F5ED00ADFBF3 /* Release */ = {
			isa = XCBuildConfiguration;
			baseConfigurationReference = F54202CECEF46A6750A33D57 /* Pods-WayMap.release.xcconfig */;
			buildSettings = {
				ASSETCATALOG_COMPILER_APPICON_NAME = AppIcon;
				CODE_SIGN_STYLE = Manual;
				DEVELOPMENT_TEAM = "";
				FRAMEWORK_SEARCH_PATHS = (
					"$(inherited)",
					"$(PROJECT_DIR)",
				);
				INFOPLIST_FILE = WayMap/Info.plist;
				LD_RUNPATH_SEARCH_PATHS = "$(inherited) @executable_path/Frameworks";
				PRODUCT_BUNDLE_IDENTIFIER = nyu.WayMap;
				PRODUCT_NAME = "$(TARGET_NAME)";
				PROVISIONING_PROFILE_SPECIFIER = "";
				TARGETED_DEVICE_FAMILY = "1,2";
			};
			name = Release;
		};
		078094B92076F5ED00ADFBF3 /* Debug */ = {
			isa = XCBuildConfiguration;
			baseConfigurationReference = AB4D2FDE71C24BB6F725BE22 /* Pods-WayMapTests.debug.xcconfig */;
			buildSettings = {
				BUNDLE_LOADER = "$(TEST_HOST)";
				CODE_SIGN_STYLE = Automatic;
				DEVELOPMENT_TEAM = 59S3NEYJ77;
				INFOPLIST_FILE = WayMapTests/Info.plist;
				LD_RUNPATH_SEARCH_PATHS = "$(inherited) @executable_path/Frameworks @loader_path/Frameworks";
				PRODUCT_BUNDLE_IDENTIFIER = nyu.WayMapTests;
				PRODUCT_NAME = "$(TARGET_NAME)";
				TARGETED_DEVICE_FAMILY = "1,2";
				TEST_HOST = "$(BUILT_PRODUCTS_DIR)/WayMap.app/WayMap";
			};
			name = Debug;
		};
		078094BA2076F5ED00ADFBF3 /* Release */ = {
			isa = XCBuildConfiguration;
			baseConfigurationReference = 38718CBB2C9940B76DDB47F5 /* Pods-WayMapTests.release.xcconfig */;
			buildSettings = {
				BUNDLE_LOADER = "$(TEST_HOST)";
				CODE_SIGN_STYLE = Automatic;
				DEVELOPMENT_TEAM = 59S3NEYJ77;
				INFOPLIST_FILE = WayMapTests/Info.plist;
				LD_RUNPATH_SEARCH_PATHS = "$(inherited) @executable_path/Frameworks @loader_path/Frameworks";
				PRODUCT_BUNDLE_IDENTIFIER = nyu.WayMapTests;
				PRODUCT_NAME = "$(TARGET_NAME)";
				TARGETED_DEVICE_FAMILY = "1,2";
				TEST_HOST = "$(BUILT_PRODUCTS_DIR)/WayMap.app/WayMap";
			};
			name = Release;
		};
		078094BC2076F5ED00ADFBF3 /* Debug */ = {
			isa = XCBuildConfiguration;
			baseConfigurationReference = 27B4FA9384FBC3BDB84E81E1 /* Pods-WayMapUITests.debug.xcconfig */;
			buildSettings = {
				CODE_SIGN_STYLE = Automatic;
				DEVELOPMENT_TEAM = 59S3NEYJ77;
				INFOPLIST_FILE = WayMapUITests/Info.plist;
				LD_RUNPATH_SEARCH_PATHS = "$(inherited) @executable_path/Frameworks @loader_path/Frameworks";
				PRODUCT_BUNDLE_IDENTIFIER = nyu.WayMapUITests;
				PRODUCT_NAME = "$(TARGET_NAME)";
				TARGETED_DEVICE_FAMILY = "1,2";
				TEST_TARGET_NAME = WayMap;
			};
			name = Debug;
		};
		078094BD2076F5ED00ADFBF3 /* Release */ = {
			isa = XCBuildConfiguration;
			baseConfigurationReference = F47D8E3617BF77436E75C0BD /* Pods-WayMapUITests.release.xcconfig */;
			buildSettings = {
				CODE_SIGN_STYLE = Automatic;
				DEVELOPMENT_TEAM = 59S3NEYJ77;
				INFOPLIST_FILE = WayMapUITests/Info.plist;
				LD_RUNPATH_SEARCH_PATHS = "$(inherited) @executable_path/Frameworks @loader_path/Frameworks";
				PRODUCT_BUNDLE_IDENTIFIER = nyu.WayMapUITests;
				PRODUCT_NAME = "$(TARGET_NAME)";
				TARGETED_DEVICE_FAMILY = "1,2";
				TEST_TARGET_NAME = WayMap;
			};
			name = Release;
		};
/* End XCBuildConfiguration section */

/* Begin XCConfigurationList section */
		078094842076F5EC00ADFBF3 /* Build configuration list for PBXProject "WayMap" */ = {
			isa = XCConfigurationList;
			buildConfigurations = (
				078094B32076F5ED00ADFBF3 /* Debug */,
				078094B42076F5ED00ADFBF3 /* Release */,
			);
			defaultConfigurationIsVisible = 0;
			defaultConfigurationName = Release;
		};
		078094B52076F5ED00ADFBF3 /* Build configuration list for PBXNativeTarget "WayMap" */ = {
			isa = XCConfigurationList;
			buildConfigurations = (
				078094B62076F5ED00ADFBF3 /* Debug */,
				078094B72076F5ED00ADFBF3 /* Release */,
			);
			defaultConfigurationIsVisible = 0;
			defaultConfigurationName = Release;
		};
		078094B82076F5ED00ADFBF3 /* Build configuration list for PBXNativeTarget "WayMapTests" */ = {
			isa = XCConfigurationList;
			buildConfigurations = (
				078094B92076F5ED00ADFBF3 /* Debug */,
				078094BA2076F5ED00ADFBF3 /* Release */,
			);
			defaultConfigurationIsVisible = 0;
			defaultConfigurationName = Release;
		};
		078094BB2076F5ED00ADFBF3 /* Build configuration list for PBXNativeTarget "WayMapUITests" */ = {
			isa = XCConfigurationList;
			buildConfigurations = (
				078094BC2076F5ED00ADFBF3 /* Debug */,
				078094BD2076F5ED00ADFBF3 /* Release */,
			);
			defaultConfigurationIsVisible = 0;
			defaultConfigurationName = Release;
		};
/* End XCConfigurationList section */
	};
	rootObject = 078094812076F5EC00ADFBF3 /* Project object */;
}
